%{"ex_doc": {:git, "git://github.com/elixir-lang/ex_doc.git", "a9eaade0ab8f17e17c894b6eadda10656585e378", []},
  "exactor": {:git, "git://github.com/sasa1977/exactor.git", "f7f6bae7fead5e0e5525581d44311f803169fa4e", []},
  "excoveralls": {:package, "0.2.1"},
  "exprintf": {:package, "0.1.0"},
  "jsex": {:package, "2.0.0"},
  "jsx": {:package, "2.0.3"},
  "meck": {:git, "git://github.com/eproxus/meck.git", "dde759050eff19a1a80fd854d7375174b191665d", [tag: "0.8.2"]},
  "mock": {:git, "git://github.com/parroty/mock.git", "c3b1abae5ba40241d1a676175a7693eb0766df62", [branch: "version"]}}
